// !$*UTF8*$!
{
	archiveVersion = 1;
	classes = {
	};
	objectVersion = 50;
	objects = {

/* Begin PBXBuildFile section */
		4AC271283E5933A93163D17B /* Pods_yak.framework in Frameworks */ = {isa = PBXBuildFile; fileRef = F483C96B6E50F46106810E1F /* Pods_yak.framework */; };
		AC10FB06207466FB0035055B /* LoginController.swift in Sources */ = {isa = PBXBuildFile; fileRef = AC10FB05207466FB0035055B /* LoginController.swift */; };
		AC10FB082074762B0035055B /* CreateAccountController.swift in Sources */ = {isa = PBXBuildFile; fileRef = AC10FB072074762B0035055B /* CreateAccountController.swift */; };
		AC10FB0B207503420035055B /* AuthService.swift in Sources */ = {isa = PBXBuildFile; fileRef = AC10FB0A207503420035055B /* AuthService.swift */; };
		AC10FB0D20750B7C0035055B /* RoundedButton.swift in Sources */ = {isa = PBXBuildFile; fileRef = AC10FB0C20750B7C0035055B /* RoundedButton.swift */; };
		AC10FB0F207515130035055B /* UserDataService.swift in Sources */ = {isa = PBXBuildFile; fileRef = AC10FB0E207515130035055B /* UserDataService.swift */; };
		AC3293662074407A00438DBF /* AppDelegate.swift in Sources */ = {isa = PBXBuildFile; fileRef = AC3293652074407A00438DBF /* AppDelegate.swift */; };
		AC32936B2074407A00438DBF /* Main.storyboard in Resources */ = {isa = PBXBuildFile; fileRef = AC3293692074407A00438DBF /* Main.storyboard */; };
		AC32936D2074407C00438DBF /* Assets.xcassets in Resources */ = {isa = PBXBuildFile; fileRef = AC32936C2074407C00438DBF /* Assets.xcassets */; };
		AC3293702074407C00438DBF /* LaunchScreen.storyboard in Resources */ = {isa = PBXBuildFile; fileRef = AC32936E2074407C00438DBF /* LaunchScreen.storyboard */; };
		AC32937B207444C800438DBF /* SWRevealViewController.m in Sources */ = {isa = PBXBuildFile; fileRef = AC32937A207444C800438DBF /* SWRevealViewController.m */; };
		AC3293802074472B00438DBF /* ChatController.swift in Sources */ = {isa = PBXBuildFile; fileRef = AC32937F2074472B00438DBF /* ChatController.swift */; };
		AC3293822074474400438DBF /* ChannelController.swift in Sources */ = {isa = PBXBuildFile; fileRef = AC3293812074474400438DBF /* ChannelController.swift */; };
		AC32938420744E8200438DBF /* GradientView.swift in Sources */ = {isa = PBXBuildFile; fileRef = AC32938320744E8200438DBF /* GradientView.swift */; };
		AC3293872074601F00438DBF /* Constants.swift in Sources */ = {isa = PBXBuildFile; fileRef = AC3293862074601F00438DBF /* Constants.swift */; };
		AC7B54592075543E0089942F /* CircleImage.swift in Sources */ = {isa = PBXBuildFile; fileRef = AC7B54582075543E0089942F /* CircleImage.swift */; };
		ACD4148D207528B5001BBA37 /* AvatarPickerController.swift in Sources */ = {isa = PBXBuildFile; fileRef = ACD4148C207528B5001BBA37 /* AvatarPickerController.swift */; };
		ACD4148F20753DE0001BBA37 /* AvatarCell.swift in Sources */ = {isa = PBXBuildFile; fileRef = ACD4148E20753DE0001BBA37 /* AvatarCell.swift */; };
/* End PBXBuildFile section */

/* Begin PBXFileReference section */
		AC10FB05207466FB0035055B /* LoginController.swift */ = {isa = PBXFileReference; lastKnownFileType = sourcecode.swift; path = LoginController.swift; sourceTree = "<group>"; };
		AC10FB072074762B0035055B /* CreateAccountController.swift */ = {isa = PBXFileReference; lastKnownFileType = sourcecode.swift; path = CreateAccountController.swift; sourceTree = "<group>"; };
		AC10FB0A207503420035055B /* AuthService.swift */ = {isa = PBXFileReference; lastKnownFileType = sourcecode.swift; path = AuthService.swift; sourceTree = "<group>"; };
		AC10FB0C20750B7C0035055B /* RoundedButton.swift */ = {isa = PBXFileReference; lastKnownFileType = sourcecode.swift; path = RoundedButton.swift; sourceTree = "<group>"; };
		AC10FB0E207515130035055B /* UserDataService.swift */ = {isa = PBXFileReference; lastKnownFileType = sourcecode.swift; path = UserDataService.swift; sourceTree = "<group>"; };
		AC3293622074407A00438DBF /* yak.app */ = {isa = PBXFileReference; explicitFileType = wrapper.application; includeInIndex = 0; path = yak.app; sourceTree = BUILT_PRODUCTS_DIR; };
		AC3293652074407A00438DBF /* AppDelegate.swift */ = {isa = PBXFileReference; lastKnownFileType = sourcecode.swift; path = AppDelegate.swift; sourceTree = "<group>"; };
		AC32936A2074407A00438DBF /* Base */ = {isa = PBXFileReference; lastKnownFileType = file.storyboard; name = Base; path = Base.lproj/Main.storyboard; sourceTree = "<group>"; };
		AC32936C2074407C00438DBF /* Assets.xcassets */ = {isa = PBXFileReference; lastKnownFileType = folder.assetcatalog; path = Assets.xcassets; sourceTree = "<group>"; };
		AC32936F2074407C00438DBF /* Base */ = {isa = PBXFileReference; lastKnownFileType = file.storyboard; name = Base; path = Base.lproj/LaunchScreen.storyboard; sourceTree = "<group>"; };
		AC3293712074407C00438DBF /* Info.plist */ = {isa = PBXFileReference; lastKnownFileType = text.plist.xml; path = Info.plist; sourceTree = "<group>"; };
		AC329378207444C600438DBF /* yak-Bridging-Header.h */ = {isa = PBXFileReference; lastKnownFileType = sourcecode.c.h; path = "yak-Bridging-Header.h"; sourceTree = "<group>"; };
		AC329379207444C700438DBF /* SWRevealViewController.h */ = {isa = PBXFileReference; fileEncoding = 4; lastKnownFileType = sourcecode.c.h; path = SWRevealViewController.h; sourceTree = "<group>"; };
		AC32937A207444C800438DBF /* SWRevealViewController.m */ = {isa = PBXFileReference; fileEncoding = 4; lastKnownFileType = sourcecode.c.objc; path = SWRevealViewController.m; sourceTree = "<group>"; };
		AC32937F2074472B00438DBF /* ChatController.swift */ = {isa = PBXFileReference; lastKnownFileType = sourcecode.swift; path = ChatController.swift; sourceTree = "<group>"; };
		AC3293812074474400438DBF /* ChannelController.swift */ = {isa = PBXFileReference; lastKnownFileType = sourcecode.swift; path = ChannelController.swift; sourceTree = "<group>"; };
		AC32938320744E8200438DBF /* GradientView.swift */ = {isa = PBXFileReference; lastKnownFileType = sourcecode.swift; path = GradientView.swift; sourceTree = "<group>"; };
		AC3293862074601F00438DBF /* Constants.swift */ = {isa = PBXFileReference; lastKnownFileType = sourcecode.swift; path = Constants.swift; sourceTree = "<group>"; };
		AC7B54582075543E0089942F /* CircleImage.swift */ = {isa = PBXFileReference; lastKnownFileType = sourcecode.swift; path = CircleImage.swift; sourceTree = "<group>"; };
		ACD4148C207528B5001BBA37 /* AvatarPickerController.swift */ = {isa = PBXFileReference; lastKnownFileType = sourcecode.swift; path = AvatarPickerController.swift; sourceTree = "<group>"; };
		ACD4148E20753DE0001BBA37 /* AvatarCell.swift */ = {isa = PBXFileReference; lastKnownFileType = sourcecode.swift; path = AvatarCell.swift; sourceTree = "<group>"; };
		C23AEACCF52F167C3BE3C977 /* Pods-yak.debug.xcconfig */ = {isa = PBXFileReference; includeInIndex = 1; lastKnownFileType = text.xcconfig; name = "Pods-yak.debug.xcconfig"; path = "Pods/Target Support Files/Pods-yak/Pods-yak.debug.xcconfig"; sourceTree = "<group>"; };
		F483C96B6E50F46106810E1F /* Pods_yak.framework */ = {isa = PBXFileReference; explicitFileType = wrapper.framework; includeInIndex = 0; path = Pods_yak.framework; sourceTree = BUILT_PRODUCTS_DIR; };
		FA141623E667A552EBF38188 /* Pods-yak.release.xcconfig */ = {isa = PBXFileReference; includeInIndex = 1; lastKnownFileType = text.xcconfig; name = "Pods-yak.release.xcconfig"; path = "Pods/Target Support Files/Pods-yak/Pods-yak.release.xcconfig"; sourceTree = "<group>"; };
/* End PBXFileReference section */

/* Begin PBXFrameworksBuildPhase section */
		AC32935F2074407A00438DBF /* Frameworks */ = {
			isa = PBXFrameworksBuildPhase;
			buildActionMask = 2147483647;
			files = (
				4AC271283E5933A93163D17B /* Pods_yak.framework in Frameworks */,
			);
			runOnlyForDeploymentPostprocessing = 0;
		};
/* End PBXFrameworksBuildPhase section */

/* Begin PBXGroup section */
		AC10FB09207503230035055B /* Services */ = {
			isa = PBXGroup;
			children = (
				AC10FB0A207503420035055B /* AuthService.swift */,
				AC10FB0E207515130035055B /* UserDataService.swift */,
			);
			path = Services;
			sourceTree = "<group>";
		};
		AC3293592074407A00438DBF = {
			isa = PBXGroup;
			children = (
				AC3293642074407A00438DBF /* yak */,
				AC3293632074407A00438DBF /* Products */,
				BF5A6C4D0788568E5E2D010E /* Pods */,
				B5F40759FA5CF671D8DD32B2 /* Frameworks */,
			);
			sourceTree = "<group>";
		};
		AC3293632074407A00438DBF /* Products */ = {
			isa = PBXGroup;
			children = (
				AC3293622074407A00438DBF /* yak.app */,
			);
			name = Products;
			sourceTree = "<group>";
		};
		AC3293642074407A00438DBF /* yak */ = {
			isa = PBXGroup;
			children = (
				AC10FB09207503230035055B /* Services */,
				AC3293852074600200438DBF /* Utilities */,
				AC32937E2074470F00438DBF /* Models */,
				AC32937D2074470800438DBF /* Views */,
				AC32937C207446F500438DBF /* Controllers */,
				AC3293772074448400438DBF /* Supporting Files */,
				AC3293652074407A00438DBF /* AppDelegate.swift */,
				AC3293692074407A00438DBF /* Main.storyboard */,
				AC32936C2074407C00438DBF /* Assets.xcassets */,
				AC32936E2074407C00438DBF /* LaunchScreen.storyboard */,
				AC3293712074407C00438DBF /* Info.plist */,
			);
			path = yak;
			sourceTree = "<group>";
		};
		AC3293772074448400438DBF /* Supporting Files */ = {
			isa = PBXGroup;
			children = (
				AC329379207444C700438DBF /* SWRevealViewController.h */,
				AC32937A207444C800438DBF /* SWRevealViewController.m */,
				AC329378207444C600438DBF /* yak-Bridging-Header.h */,
			);
			path = "Supporting Files";
			sourceTree = "<group>";
		};
		AC32937C207446F500438DBF /* Controllers */ = {
			isa = PBXGroup;
			children = (
				AC32937F2074472B00438DBF /* ChatController.swift */,
				AC3293812074474400438DBF /* ChannelController.swift */,
				AC10FB05207466FB0035055B /* LoginController.swift */,
				AC10FB072074762B0035055B /* CreateAccountController.swift */,
				ACD4148C207528B5001BBA37 /* AvatarPickerController.swift */,
			);
			path = Controllers;
			sourceTree = "<group>";
		};
		AC32937D2074470800438DBF /* Views */ = {
			isa = PBXGroup;
			children = (
				AC32938320744E8200438DBF /* GradientView.swift */,
				AC10FB0C20750B7C0035055B /* RoundedButton.swift */,
				ACD4148E20753DE0001BBA37 /* AvatarCell.swift */,
				AC7B54582075543E0089942F /* CircleImage.swift */,
			);
			path = Views;
			sourceTree = "<group>";
		};
		AC32937E2074470F00438DBF /* Models */ = {
			isa = PBXGroup;
			children = (
			);
			path = Models;
			sourceTree = "<group>";
		};
		AC3293852074600200438DBF /* Utilities */ = {
			isa = PBXGroup;
			children = (
				AC3293862074601F00438DBF /* Constants.swift */,
			);
			path = Utilities;
			sourceTree = "<group>";
		};
		B5F40759FA5CF671D8DD32B2 /* Frameworks */ = {
			isa = PBXGroup;
			children = (
				F483C96B6E50F46106810E1F /* Pods_yak.framework */,
			);
			name = Frameworks;
			sourceTree = "<group>";
		};
		BF5A6C4D0788568E5E2D010E /* Pods */ = {
			isa = PBXGroup;
			children = (
				C23AEACCF52F167C3BE3C977 /* Pods-yak.debug.xcconfig */,
				FA141623E667A552EBF38188 /* Pods-yak.release.xcconfig */,
			);
			name = Pods;
			sourceTree = "<group>";
		};
/* End PBXGroup section */

/* Begin PBXNativeTarget section */
		AC3293612074407A00438DBF /* yak */ = {
			isa = PBXNativeTarget;
			buildConfigurationList = AC3293742074407C00438DBF /* Build configuration list for PBXNativeTarget "yak" */;
			buildPhases = (
				ECE51F0B4FBC040248200F35 /* [CP] Check Pods Manifest.lock */,
				AC32935E2074407A00438DBF /* Sources */,
				AC32935F2074407A00438DBF /* Frameworks */,
				AC3293602074407A00438DBF /* Resources */,
				21D29531F5EC8D9A61996892 /* [CP] Embed Pods Frameworks */,
				11BA5FC059ECA3D01B0385B0 /* [CP] Copy Pods Resources */,
			);
			buildRules = (
			);
			dependencies = (
			);
			name = yak;
			productName = yak;
			productReference = AC3293622074407A00438DBF /* yak.app */;
			productType = "com.apple.product-type.application";
		};
/* End PBXNativeTarget section */

/* Begin PBXProject section */
		AC32935A2074407A00438DBF /* Project object */ = {
			isa = PBXProject;
			attributes = {
				LastSwiftUpdateCheck = 0930;
				LastUpgradeCheck = 0930;
				ORGANIZATIONNAME = "TFH Inc";
				TargetAttributes = {
					AC3293612074407A00438DBF = {
						CreatedOnToolsVersion = 9.3;
						LastSwiftMigration = 0930;
					};
				};
			};
			buildConfigurationList = AC32935D2074407A00438DBF /* Build configuration list for PBXProject "yak" */;
			compatibilityVersion = "Xcode 9.3";
			developmentRegion = en;
			hasScannedForEncodings = 0;
			knownRegions = (
				en,
				Base,
			);
			mainGroup = AC3293592074407A00438DBF;
			productRefGroup = AC3293632074407A00438DBF /* Products */;
			projectDirPath = "";
			projectRoot = "";
			targets = (
				AC3293612074407A00438DBF /* yak */,
			);
		};
/* End PBXProject section */

/* Begin PBXResourcesBuildPhase section */
		AC3293602074407A00438DBF /* Resources */ = {
			isa = PBXResourcesBuildPhase;
			buildActionMask = 2147483647;
			files = (
				AC3293702074407C00438DBF /* LaunchScreen.storyboard in Resources */,
				AC32936D2074407C00438DBF /* Assets.xcassets in Resources */,
				AC32936B2074407A00438DBF /* Main.storyboard in Resources */,
			);
			runOnlyForDeploymentPostprocessing = 0;
		};
/* End PBXResourcesBuildPhase section */

/* Begin PBXShellScriptBuildPhase section */
		11BA5FC059ECA3D01B0385B0 /* [CP] Copy Pods Resources */ = {
			isa = PBXShellScriptBuildPhase;
			buildActionMask = 2147483647;
			files = (
			);
			inputPaths = (
			);
			name = "[CP] Copy Pods Resources";
			outputPaths = (
			);
			runOnlyForDeploymentPostprocessing = 0;
			shellPath = /bin/sh;
			shellScript = "\"${SRCROOT}/Pods/Target Support Files/Pods-yak/Pods-yak-resources.sh\"\n";
			showEnvVarsInLog = 0;
		};
		21D29531F5EC8D9A61996892 /* [CP] Embed Pods Frameworks */ = {
			isa = PBXShellScriptBuildPhase;
			buildActionMask = 2147483647;
			files = (
			);
			inputPaths = (
				"${SRCROOT}/Pods/Target Support Files/Pods-yak/Pods-yak-frameworks.sh",
				"${BUILT_PRODUCTS_DIR}/Alamofire/Alamofire.framework",
				"${BUILT_PRODUCTS_DIR}/Socket.IO-Client-Swift/SocketIO.framework",
				"${BUILT_PRODUCTS_DIR}/Starscream/Starscream.framework",
				"${BUILT_PRODUCTS_DIR}/SwiftyJSON/SwiftyJSON.framework",
			);
			name = "[CP] Embed Pods Frameworks";
			outputPaths = (
				"${TARGET_BUILD_DIR}/${FRAMEWORKS_FOLDER_PATH}/Alamofire.framework",
				"${TARGET_BUILD_DIR}/${FRAMEWORKS_FOLDER_PATH}/SocketIO.framework",
				"${TARGET_BUILD_DIR}/${FRAMEWORKS_FOLDER_PATH}/Starscream.framework",
				"${TARGET_BUILD_DIR}/${FRAMEWORKS_FOLDER_PATH}/SwiftyJSON.framework",
			);
			runOnlyForDeploymentPostprocessing = 0;
			shellPath = /bin/sh;
			shellScript = "\"${SRCROOT}/Pods/Target Support Files/Pods-yak/Pods-yak-frameworks.sh\"\n";
			showEnvVarsInLog = 0;
		};
		ECE51F0B4FBC040248200F35 /* [CP] Check Pods Manifest.lock */ = {
			isa = PBXShellScriptBuildPhase;
			buildActionMask = 2147483647;
			files = (
			);
			inputPaths = (
				"${PODS_PODFILE_DIR_PATH}/Podfile.lock",
				"${PODS_ROOT}/Manifest.lock",
			);
			name = "[CP] Check Pods Manifest.lock";
			outputPaths = (
				"$(DERIVED_FILE_DIR)/Pods-yak-checkManifestLockResult.txt",
			);
			runOnlyForDeploymentPostprocessing = 0;
			shellPath = /bin/sh;
			shellScript = "diff \"${PODS_PODFILE_DIR_PATH}/Podfile.lock\" \"${PODS_ROOT}/Manifest.lock\" > /dev/null\nif [ $? != 0 ] ; then\n    # print error to STDERR\n    echo \"error: The sandbox is not in sync with the Podfile.lock. Run 'pod install' or update your CocoaPods installation.\" >&2\n    exit 1\nfi\n# This output is used by Xcode 'outputs' to avoid re-running this script phase.\necho \"SUCCESS\" > \"${SCRIPT_OUTPUT_FILE_0}\"\n";
			showEnvVarsInLog = 0;
		};
/* End PBXShellScriptBuildPhase section */

/* Begin PBXSourcesBuildPhase section */
		AC32935E2074407A00438DBF /* Sources */ = {
			isa = PBXSourcesBuildPhase;
			buildActionMask = 2147483647;
			files = (
				ACD4148D207528B5001BBA37 /* AvatarPickerController.swift in Sources */,
				AC3293662074407A00438DBF /* AppDelegate.swift in Sources */,
				AC10FB0D20750B7C0035055B /* RoundedButton.swift in Sources */,
				AC7B54592075543E0089942F /* CircleImage.swift in Sources */,
				AC32937B207444C800438DBF /* SWRevealViewController.m in Sources */,
				AC10FB0F207515130035055B /* UserDataService.swift in Sources */,
				AC32938420744E8200438DBF /* GradientView.swift in Sources */,
				AC10FB0B207503420035055B /* AuthService.swift in Sources */,
				AC3293802074472B00438DBF /* ChatController.swift in Sources */,
				AC3293822074474400438DBF /* ChannelController.swift in Sources */,
				ACD4148F20753DE0001BBA37 /* AvatarCell.swift in Sources */,
				AC10FB082074762B0035055B /* CreateAccountController.swift in Sources */,
				AC3293872074601F00438DBF /* Constants.swift in Sources */,
				AC10FB06207466FB0035055B /* LoginController.swift in Sources */,
			);
			runOnlyForDeploymentPostprocessing = 0;
		};
/* End PBXSourcesBuildPhase section */

/* Begin PBXVariantGroup section */
		AC3293692074407A00438DBF /* Main.storyboard */ = {
			isa = PBXVariantGroup;
			children = (
				AC32936A2074407A00438DBF /* Base */,
			);
			name = Main.storyboard;
			sourceTree = "<group>";
		};
		AC32936E2074407C00438DBF /* LaunchScreen.storyboard */ = {
			isa = PBXVariantGroup;
			children = (
				AC32936F2074407C00438DBF /* Base */,
			);
			name = LaunchScreen.storyboard;
			sourceTree = "<group>";
		};
/* End PBXVariantGroup section */

/* Begin XCBuildConfiguration section */
		AC3293722074407C00438DBF /* Debug */ = {
			isa = XCBuildConfiguration;
			buildSettings = {
				ALWAYS_SEARCH_USER_PATHS = NO;
				CLANG_ANALYZER_NONNULL = YES;
				CLANG_ANALYZER_NUMBER_OBJECT_CONVERSION = YES_AGGRESSIVE;
				CLANG_CXX_LANGUAGE_STANDARD = "gnu++14";
				CLANG_CXX_LIBRARY = "libc++";
				CLANG_ENABLE_MODULES = YES;
				CLANG_ENABLE_OBJC_ARC = YES;
				CLANG_ENABLE_OBJC_WEAK = YES;
				CLANG_WARN_BLOCK_CAPTURE_AUTORELEASING = YES;
				CLANG_WARN_BOOL_CONVERSION = YES;
				CLANG_WARN_COMMA = YES;
				CLANG_WARN_CONSTANT_CONVERSION = YES;
				CLANG_WARN_DEPRECATED_OBJC_IMPLEMENTATIONS = YES;
				CLANG_WARN_DIRECT_OBJC_ISA_USAGE = YES_ERROR;
				CLANG_WARN_DOCUMENTATION_COMMENTS = YES;
				CLANG_WARN_EMPTY_BODY = YES;
				CLANG_WARN_ENUM_CONVERSION = YES;
				CLANG_WARN_INFINITE_RECURSION = YES;
				CLANG_WARN_INT_CONVERSION = YES;
				CLANG_WARN_NON_LITERAL_NULL_CONVERSION = YES;
				CLANG_WARN_OBJC_IMPLICIT_RETAIN_SELF = YES;
				CLANG_WARN_OBJC_LITERAL_CONVERSION = YES;
				CLANG_WARN_OBJC_ROOT_CLASS = YES_ERROR;
				CLANG_WARN_RANGE_LOOP_ANALYSIS = YES;
				CLANG_WARN_STRICT_PROTOTYPES = YES;
				CLANG_WARN_SUSPICIOUS_MOVE = YES;
				CLANG_WARN_UNGUARDED_AVAILABILITY = YES_AGGRESSIVE;
				CLANG_WARN_UNREACHABLE_CODE = YES;
				CLANG_WARN__DUPLICATE_METHOD_MATCH = YES;
				CODE_SIGN_IDENTITY = "iPhone Developer";
				COPY_PHASE_STRIP = NO;
				DEBUG_INFORMATION_FORMAT = dwarf;
				ENABLE_STRICT_OBJC_MSGSEND = YES;
				ENABLE_TESTABILITY = YES;
				GCC_C_LANGUAGE_STANDARD = gnu11;
				GCC_DYNAMIC_NO_PIC = NO;
				GCC_NO_COMMON_BLOCKS = YES;
				GCC_OPTIMIZATION_LEVEL = 0;
				GCC_PREPROCESSOR_DEFINITIONS = (
					"DEBUG=1",
					"$(inherited)",
				);
				GCC_WARN_64_TO_32_BIT_CONVERSION = YES;
				GCC_WARN_ABOUT_RETURN_TYPE = YES_ERROR;
				GCC_WARN_UNDECLARED_SELECTOR = YES;
				GCC_WARN_UNINITIALIZED_AUTOS = YES_AGGRESSIVE;
				GCC_WARN_UNUSED_FUNCTION = YES;
				GCC_WARN_UNUSED_VARIABLE = YES;
				IPHONEOS_DEPLOYMENT_TARGET = 11.3;
				MTL_ENABLE_DEBUG_INFO = YES;
				ONLY_ACTIVE_ARCH = YES;
				SDKROOT = iphoneos;
				SWIFT_ACTIVE_COMPILATION_CONDITIONS = DEBUG;
				SWIFT_OPTIMIZATION_LEVEL = "-Onone";
			};
			name = Debug;
		};
		AC3293732074407C00438DBF /* Release */ = {
			isa = XCBuildConfiguration;
			buildSettings = {
				ALWAYS_SEARCH_USER_PATHS = NO;
				CLANG_ANALYZER_NONNULL = YES;
				CLANG_ANALYZER_NUMBER_OBJECT_CONVERSION = YES_AGGRESSIVE;
				CLANG_CXX_LANGUAGE_STANDARD = "gnu++14";
				CLANG_CXX_LIBRARY = "libc++";
				CLANG_ENABLE_MODULES = YES;
				CLANG_ENABLE_OBJC_ARC = YES;
				CLANG_ENABLE_OBJC_WEAK = YES;
				CLANG_WARN_BLOCK_CAPTURE_AUTORELEASING = YES;
				CLANG_WARN_BOOL_CONVERSION = YES;
				CLANG_WARN_COMMA = YES;
				CLANG_WARN_CONSTANT_CONVERSION = YES;
				CLANG_WARN_DEPRECATED_OBJC_IMPLEMENTATIONS = YES;
				CLANG_WARN_DIRECT_OBJC_ISA_USAGE = YES_ERROR;
				CLANG_WARN_DOCUMENTATION_COMMENTS = YES;
				CLANG_WARN_EMPTY_BODY = YES;
				CLANG_WARN_ENUM_CONVERSION = YES;
				CLANG_WARN_INFINITE_RECURSION = YES;
				CLANG_WARN_INT_CONVERSION = YES;
				CLANG_WARN_NON_LITERAL_NULL_CONVERSION = YES;
				CLANG_WARN_OBJC_IMPLICIT_RETAIN_SELF = YES;
				CLANG_WARN_OBJC_LITERAL_CONVERSION = YES;
				CLANG_WARN_OBJC_ROOT_CLASS = YES_ERROR;
				CLANG_WARN_RANGE_LOOP_ANALYSIS = YES;
				CLANG_WARN_STRICT_PROTOTYPES = YES;
				CLANG_WARN_SUSPICIOUS_MOVE = YES;
				CLANG_WARN_UNGUARDED_AVAILABILITY = YES_AGGRESSIVE;
				CLANG_WARN_UNREACHABLE_CODE = YES;
				CLANG_WARN__DUPLICATE_METHOD_MATCH = YES;
				CODE_SIGN_IDENTITY = "iPhone Developer";
				COPY_PHASE_STRIP = NO;
				DEBUG_INFORMATION_FORMAT = "dwarf-with-dsym";
				ENABLE_NS_ASSERTIONS = NO;
				ENABLE_STRICT_OBJC_MSGSEND = YES;
				GCC_C_LANGUAGE_STANDARD = gnu11;
				GCC_NO_COMMON_BLOCKS = YES;
				GCC_WARN_64_TO_32_BIT_CONVERSION = YES;
				GCC_WARN_ABOUT_RETURN_TYPE = YES_ERROR;
				GCC_WARN_UNDECLARED_SELECTOR = YES;
				GCC_WARN_UNINITIALIZED_AUTOS = YES_AGGRESSIVE;
				GCC_WARN_UNUSED_FUNCTION = YES;
				GCC_WARN_UNUSED_VARIABLE = YES;
				IPHONEOS_DEPLOYMENT_TARGET = 11.3;
				MTL_ENABLE_DEBUG_INFO = NO;
				SDKROOT = iphoneos;
				SWIFT_COMPILATION_MODE = wholemodule;
				SWIFT_OPTIMIZATION_LEVEL = "-O";
				VALIDATE_PRODUCT = YES;
			};
			name = Release;
		};
		AC3293752074407C00438DBF /* Debug */ = {
			isa = XCBuildConfiguration;
			baseConfigurationReference = C23AEACCF52F167C3BE3C977 /* Pods-yak.debug.xcconfig */;
			buildSettings = {
				ASSETCATALOG_COMPILER_APPICON_NAME = AppIcon;
				CLANG_ENABLE_MODULES = YES;
				CODE_SIGN_STYLE = Automatic;
				DEVELOPMENT_TEAM = NFD5C5B8X2;
				INFOPLIST_FILE = yak/Info.plist;
				LD_RUNPATH_SEARCH_PATHS = (
					"$(inherited)",
					"@executable_path/Frameworks",
				);
				PRODUCT_BUNDLE_IDENTIFIER = com.theflawlesshack.yak;
				PRODUCT_NAME = "$(TARGET_NAME)";
				SWIFT_OBJC_BRIDGING_HEADER = "yak/Supporting Files/yak-Bridging-Header.h";
				SWIFT_OPTIMIZATION_LEVEL = "-Onone";
				SWIFT_VERSION = 4.0;
				TARGETED_DEVICE_FAMILY = "1,2";
			};
			name = Debug;
		};
		AC3293762074407C00438DBF /* Release */ = {
			isa = XCBuildConfiguration;
			baseConfigurationReference = FA141623E667A552EBF38188 /* Pods-yak.release.xcconfig */;
			buildSettings = {
				ASSETCATALOG_COMPILER_APPICON_NAME = AppIcon;
				CLANG_ENABLE_MODULES = YES;
				CODE_SIGN_STYLE = Automatic;
				DEVELOPMENT_TEAM = NFD5C5B8X2;
				INFOPLIST_FILE = yak/Info.plist;
				LD_RUNPATH_SEARCH_PATHS = (
					"$(inherited)",
					"@executable_path/Frameworks",
				);
				PRODUCT_BUNDLE_IDENTIFIER = com.theflawlesshack.yak;
				PRODUCT_NAME = "$(TARGET_NAME)";
				SWIFT_OBJC_BRIDGING_HEADER = "yak/Supporting Files/yak-Bridging-Header.h";
				SWIFT_VERSION = 4.0;
				TARGETED_DEVICE_FAMILY = "1,2";
			};
			name = Release;
		};
/* End XCBuildConfiguration section */

/* Begin XCConfigurationList section */
		AC32935D2074407A00438DBF /* Build configuration list for PBXProject "yak" */ = {
			isa = XCConfigurationList;
			buildConfigurations = (
				AC3293722074407C00438DBF /* Debug */,
				AC3293732074407C00438DBF /* Release */,
			);
			defaultConfigurationIsVisible = 0;
			defaultConfigurationName = Release;
		};
		AC3293742074407C00438DBF /* Build configuration list for PBXNativeTarget "yak" */ = {
			isa = XCConfigurationList;
			buildConfigurations = (
				AC3293752074407C00438DBF /* Debug */,
				AC3293762074407C00438DBF /* Release */,
			);
			defaultConfigurationIsVisible = 0;
			defaultConfigurationName = Release;
		};
/* End XCConfigurationList section */
	};
	rootObject = AC32935A2074407A00438DBF /* Project object */;
}
